
Microsoft Visual Studio Solution File, Format Version 12.00
# Visual Studio Version 17
VisualStudioVersion = 17.14.36414.22 d17.14
MinimumVisualStudioVersion = 10.0.40219.1
Project("{FAE04EC0-301F-11D3-BF4B-00C04F79EFBC}") = "LeetCode problem 148", "LeetCode problem 148.csproj", "{6B80C9DC-4845-42D7-92CC-B177C9E6EAF7}"
EndProject
Global
	GlobalSection(SolutionConfigurationPlatforms) = preSolution
		Debug|Any CPU = Debug|Any CPU
		Release|Any CPU = Release|Any CPU
	EndGlobalSection
	GlobalSection(ProjectConfigurationPlatforms) = postSolution
		{6B80C9DC-4845-42D7-92CC-B177C9E6EAF7}.Debug|Any CPU.ActiveCfg = Debug|Any CPU
		{6B80C9DC-4845-42D7-92CC-B177C9E6EAF7}.Debug|Any CPU.Build.0 = Debug|Any CPU
		{6B80C9DC-4845-42D7-92CC-B177C9E6EAF7}.Release|Any CPU.ActiveCfg = Release|Any CPU
		{6B80C9DC-4845-42D7-92CC-B177C9E6EAF7}.Release|Any CPU.Build.0 = Release|Any CPU
	EndGlobalSection
	GlobalSection(SolutionProperties) = preSolution
		HideSolutionNode = FALSE
	EndGlobalSection
	GlobalSection(ExtensibilityGlobals) = postSolution
		SolutionGuid = {E3BAC71E-D283-45A2-8F9C-B59236541CE5}
	EndGlobalSection
EndGlobal
